
Microsoft Visual Studio Solution File, Format Version 12.00
# Visual Studio 15
VisualStudioVersion = 15.0.27428.2015
MinimumVisualStudioVersion = 10.0.40219.1
Project("{9A19103F-16F7-4668-BE54-9A1E7A4F7556}") = "Northwind.MvcWebUI", "Northwind.MvcWebUI\Northwind.MvcWebUI.csproj", "{6EBEFDF3-7DA3-43C2-9739-42ACFF176F87}"
EndProject
Project("{FAE04EC0-301F-11D3-BF4B-00C04F79EFBC}") = "Northwind.MvcWebUI.Tests", "Northwind.MvcWebUI.Tests\Northwind.MvcWebUI.Tests.csproj", "{0F22A074-6AD4-4BB4-A927-019034612589}"
EndProject
Project("{FAE04EC0-301F-11D3-BF4B-00C04F79EFBC}") = "Northwind.Interfaces", "Northwind.Interfaces\Northwind.Interfaces.csproj", "{7E03184D-25DA-4073-AFF2-0B515AFE3F55}"
EndProject
Project("{FAE04EC0-301F-11D3-BF4B-00C04F79EFBC}") = "Northwind.Bll", "Northwind.Bll\Northwind.Bll.csproj", "{4B4323F7-A015-4941-BF1B-F915D934A747}"
EndProject
Project("{FAE04EC0-301F-11D3-BF4B-00C04F79EFBC}") = "Northwind.Dal", "Northwind.Dal\Northwind.Dal.csproj", "{36668432-B791-4D00-8971-5AF2D28367D4}"
EndProject
Project("{FAE04EC0-301F-11D3-BF4B-00C04F79EFBC}") = "Northwind.Entities", "Northwind.Entities\Northwind.Entities.csproj", "{89E6FF44-12F4-4BA0-B52C-DF1F90837DE5}"
EndProject
Global
	GlobalSection(SolutionConfigurationPlatforms) = preSolution
		Debug|Any CPU = Debug|Any CPU
		Release|Any CPU = Release|Any CPU
	EndGlobalSection
	GlobalSection(ProjectConfigurationPlatforms) = postSolution
		{6EBEFDF3-7DA3-43C2-9739-42ACFF176F87}.Debug|Any CPU.ActiveCfg = Debug|Any CPU
		{6EBEFDF3-7DA3-43C2-9739-42ACFF176F87}.Debug|Any CPU.Build.0 = Debug|Any CPU
		{6EBEFDF3-7DA3-43C2-9739-42ACFF176F87}.Release|Any CPU.ActiveCfg = Release|Any CPU
		{6EBEFDF3-7DA3-43C2-9739-42ACFF176F87}.Release|Any CPU.Build.0 = Release|Any CPU
		{0F22A074-6AD4-4BB4-A927-019034612589}.Debug|Any CPU.ActiveCfg = Debug|Any CPU
		{0F22A074-6AD4-4BB4-A927-019034612589}.Debug|Any CPU.Build.0 = Debug|Any CPU
		{0F22A074-6AD4-4BB4-A927-019034612589}.Release|Any CPU.ActiveCfg = Release|Any CPU
		{0F22A074-6AD4-4BB4-A927-019034612589}.Release|Any CPU.Build.0 = Release|Any CPU
		{7E03184D-25DA-4073-AFF2-0B515AFE3F55}.Debug|Any CPU.ActiveCfg = Debug|Any CPU
		{7E03184D-25DA-4073-AFF2-0B515AFE3F55}.Debug|Any CPU.Build.0 = Debug|Any CPU
		{7E03184D-25DA-4073-AFF2-0B515AFE3F55}.Release|Any CPU.ActiveCfg = Release|Any CPU
		{7E03184D-25DA-4073-AFF2-0B515AFE3F55}.Release|Any CPU.Build.0 = Release|Any CPU
		{4B4323F7-A015-4941-BF1B-F915D934A747}.Debug|Any CPU.ActiveCfg = Debug|Any CPU
		{4B4323F7-A015-4941-BF1B-F915D934A747}.Debug|Any CPU.Build.0 = Debug|Any CPU
		{4B4323F7-A015-4941-BF1B-F915D934A747}.Release|Any CPU.ActiveCfg = Release|Any CPU
		{4B4323F7-A015-4941-BF1B-F915D934A747}.Release|Any CPU.Build.0 = Release|Any CPU
		{36668432-B791-4D00-8971-5AF2D28367D4}.Debug|Any CPU.ActiveCfg = Debug|Any CPU
		{36668432-B791-4D00-8971-5AF2D28367D4}.Debug|Any CPU.Build.0 = Debug|Any CPU
		{36668432-B791-4D00-8971-5AF2D28367D4}.Release|Any CPU.ActiveCfg = Release|Any CPU
		{36668432-B791-4D00-8971-5AF2D28367D4}.Release|Any CPU.Build.0 = Release|Any CPU
		{89E6FF44-12F4-4BA0-B52C-DF1F90837DE5}.Debug|Any CPU.ActiveCfg = Debug|Any CPU
		{89E6FF44-12F4-4BA0-B52C-DF1F90837DE5}.Debug|Any CPU.Build.0 = Debug|Any CPU
		{89E6FF44-12F4-4BA0-B52C-DF1F90837DE5}.Release|Any CPU.ActiveCfg = Release|Any CPU
		{89E6FF44-12F4-4BA0-B52C-DF1F90837DE5}.Release|Any CPU.Build.0 = Release|Any CPU
	EndGlobalSection
	GlobalSection(SolutionProperties) = preSolution
		HideSolutionNode = FALSE
	EndGlobalSection
	GlobalSection(ExtensibilityGlobals) = postSolution
		SolutionGuid = {A7DD6C2A-7660-4664-B919-84C2231AFFED}
	EndGlobalSection
EndGlobal
